
Microsoft Visual Studio Solution File, Format Version 12.00
# Visual Studio 15
Project("{FAE04EC0-301F-11D3-BF4B-00C04F79EFBC}") = "Assembly-CSharp", "Assembly-CSharp.csproj", "{FC416F2B-8428-B5DD-D731-93F3B149BCE4}"
EndProject
Global
	GlobalSection(SolutionConfigurationPlatforms) = preSolution
		Debug|Any CPU = Debug|Any CPU
		Release|Any CPU = Release|Any CPU
	EndGlobalSection
	GlobalSection(ProjectConfigurationPlatforms) = postSolution
		{FC416F2B-8428-B5DD-D731-93F3B149BCE4}.Debug|Any CPU.ActiveCfg = Debug|Any CPU
		{FC416F2B-8428-B5DD-D731-93F3B149BCE4}.Debug|Any CPU.Build.0 = Debug|Any CPU
		{FC416F2B-8428-B5DD-D731-93F3B149BCE4}.Release|Any CPU.ActiveCfg = Release|Any CPU
		{FC416F2B-8428-B5DD-D731-93F3B149BCE4}.Release|Any CPU.Build.0 = Release|Any CPU
	EndGlobalSection
	GlobalSection(SolutionProperties) = preSolution
		HideSolutionNode = FALSE
	EndGlobalSection
EndGlobal
